
Microsoft Visual Studio Solution File, Format Version 12.00
# Visual Studio 2012
Project("{FAE04EC0-301F-11D3-BF4B-00C04F79EFBC}") = "BetStrategy", "BetStrategy\BetStrategy.csproj", "{9CF2FFAE-0DD5-4706-9F83-8F93893FA619}"
EndProject
Project("{2150E333-8FDC-42A3-9474-1A3956D46DE8}") = "Presentation", "Presentation", "{E39B7230-52C1-4E2E-B1B5-13A0F69498C4}"
EndProject
Project("{2150E333-8FDC-42A3-9474-1A3956D46DE8}") = "UnitTest", "UnitTest", "{17C2B745-10DB-42F6-8A2C-ACEE30B8017B}"
EndProject
Project("{2150E333-8FDC-42A3-9474-1A3956D46DE8}") = "UnitTest", "UnitTest", "{898EC4FB-59C0-4BAA-8BAD-DDE38C95746F}"
EndProject
Project("{FAE04EC0-301F-11D3-BF4B-00C04F79EFBC}") = "Serialization.Test", "UnitTest\Serialization.Test\Serialization.Test.csproj", "{944EB4B6-E939-412F-94A4-42B692381189}"
EndProject
Project("{FAE04EC0-301F-11D3-BF4B-00C04F79EFBC}") = "Network.Test", "UnitTest\Network.Test\Network.Test.csproj", "{010C0E92-D71E-4B68-AB93-FE5F8281C715}"
EndProject
Project("{FAE04EC0-301F-11D3-BF4B-00C04F79EFBC}") = "EmailSender.Test", "UnitTest\EmailSender.Test\EmailSender.Test.csproj", "{3F84C3FB-1C48-4255-BC2B-D8B7B1D786CB}"
EndProject
Project("{FAE04EC0-301F-11D3-BF4B-00C04F79EFBC}") = "Configuration.Test", "UnitTest\Configuration.Test\Configuration.Test.csproj", "{A524032F-AD62-4096-95EE-1334D5AE3A7F}"
EndProject
Project("{FAE04EC0-301F-11D3-BF4B-00C04F79EFBC}") = "CommonTest", "UnitTest\CommonTest\CommonTest.csproj", "{EA9E952D-BA02-4DEB-924E-1C44A5672AE2}"
EndProject
Project("{FAE04EC0-301F-11D3-BF4B-00C04F79EFBC}") = "ProjectUnitTest", "UnitTest\ProjectUnitTest\ProjectUnitTest.csproj", "{AFC06BF6-D39E-4B60-AD17-BEEF107A869D}"
EndProject
Project("{2150E333-8FDC-42A3-9474-1A3956D46DE8}") = "Domain", "Domain", "{52F74228-3190-4F11-B4B7-AD981DE92433}"
EndProject
Project("{2150E333-8FDC-42A3-9474-1A3956D46DE8}") = "Infrastructure", "Infrastructure", "{E70C0855-DF40-4F97-B4AC-F53DCC7ABEBB}"
EndProject
Project("{FAE04EC0-301F-11D3-BF4B-00C04F79EFBC}") = "BetStrategy.Domain", "BetStrategy.Domain\BetStrategy.Domain.csproj", "{EDC2D7EC-3329-41DD-91A4-2DB2639DFDD8}"
EndProject
Project("{FAE04EC0-301F-11D3-BF4B-00C04F79EFBC}") = "BetStrategy.Services", "BetStrategy.Services\BetStrategy.Services.csproj", "{99D3B1D0-C9B7-44B5-BB04-ADF6C4BDDAB5}"
EndProject
Project("{FAE04EC0-301F-11D3-BF4B-00C04F79EFBC}") = "BetStrategy.Common", "BetStrategy.Common\BetStrategy.Common.csproj", "{A84C8572-14CE-405A-B8F1-3B32EC3B2D60}"
EndProject
Project("{FAE04EC0-301F-11D3-BF4B-00C04F79EFBC}") = "Universal.Common", "Universal.Common\Universal.Common.csproj", "{A4F36939-3FED-4744-838E-9602B4F8C7E9}"
EndProject
Global
	GlobalSection(SolutionConfigurationPlatforms) = preSolution
		Debug|Any CPU = Debug|Any CPU
		Debug|x86 = Debug|x86
		Release|Any CPU = Release|Any CPU
		Release|x86 = Release|x86
	EndGlobalSection
	GlobalSection(ProjectConfigurationPlatforms) = postSolution
		{9CF2FFAE-0DD5-4706-9F83-8F93893FA619}.Debug|Any CPU.ActiveCfg = Debug|Any CPU
		{9CF2FFAE-0DD5-4706-9F83-8F93893FA619}.Debug|Any CPU.Build.0 = Debug|Any CPU
		{9CF2FFAE-0DD5-4706-9F83-8F93893FA619}.Debug|x86.ActiveCfg = Debug|x86
		{9CF2FFAE-0DD5-4706-9F83-8F93893FA619}.Debug|x86.Build.0 = Debug|x86
		{9CF2FFAE-0DD5-4706-9F83-8F93893FA619}.Release|Any CPU.ActiveCfg = Release|Any CPU
		{9CF2FFAE-0DD5-4706-9F83-8F93893FA619}.Release|Any CPU.Build.0 = Release|Any CPU
		{9CF2FFAE-0DD5-4706-9F83-8F93893FA619}.Release|x86.ActiveCfg = Release|x86
		{9CF2FFAE-0DD5-4706-9F83-8F93893FA619}.Release|x86.Build.0 = Release|x86
		{944EB4B6-E939-412F-94A4-42B692381189}.Debug|Any CPU.ActiveCfg = Debug|Any CPU
		{944EB4B6-E939-412F-94A4-42B692381189}.Debug|Any CPU.Build.0 = Debug|Any CPU
		{944EB4B6-E939-412F-94A4-42B692381189}.Debug|x86.ActiveCfg = Debug|x86
		{944EB4B6-E939-412F-94A4-42B692381189}.Debug|x86.Build.0 = Debug|x86
		{944EB4B6-E939-412F-94A4-42B692381189}.Release|Any CPU.ActiveCfg = Release|Any CPU
		{944EB4B6-E939-412F-94A4-42B692381189}.Release|Any CPU.Build.0 = Release|Any CPU
		{944EB4B6-E939-412F-94A4-42B692381189}.Release|x86.ActiveCfg = Release|x86
		{944EB4B6-E939-412F-94A4-42B692381189}.Release|x86.Build.0 = Release|x86
		{010C0E92-D71E-4B68-AB93-FE5F8281C715}.Debug|Any CPU.ActiveCfg = Debug|Any CPU
		{010C0E92-D71E-4B68-AB93-FE5F8281C715}.Debug|Any CPU.Build.0 = Debug|Any CPU
		{010C0E92-D71E-4B68-AB93-FE5F8281C715}.Debug|x86.ActiveCfg = Debug|x86
		{010C0E92-D71E-4B68-AB93-FE5F8281C715}.Debug|x86.Build.0 = Debug|x86
		{010C0E92-D71E-4B68-AB93-FE5F8281C715}.Release|Any CPU.ActiveCfg = Release|Any CPU
		{010C0E92-D71E-4B68-AB93-FE5F8281C715}.Release|Any CPU.Build.0 = Release|Any CPU
		{010C0E92-D71E-4B68-AB93-FE5F8281C715}.Release|x86.ActiveCfg = Release|x86
		{010C0E92-D71E-4B68-AB93-FE5F8281C715}.Release|x86.Build.0 = Release|x86
		{3F84C3FB-1C48-4255-BC2B-D8B7B1D786CB}.Debug|Any CPU.ActiveCfg = Debug|Any CPU
		{3F84C3FB-1C48-4255-BC2B-D8B7B1D786CB}.Debug|Any CPU.Build.0 = Debug|Any CPU
		{3F84C3FB-1C48-4255-BC2B-D8B7B1D786CB}.Debug|x86.ActiveCfg = Debug|x86
		{3F84C3FB-1C48-4255-BC2B-D8B7B1D786CB}.Debug|x86.Build.0 = Debug|x86
		{3F84C3FB-1C48-4255-BC2B-D8B7B1D786CB}.Release|Any CPU.ActiveCfg = Release|Any CPU
		{3F84C3FB-1C48-4255-BC2B-D8B7B1D786CB}.Release|Any CPU.Build.0 = Release|Any CPU
		{3F84C3FB-1C48-4255-BC2B-D8B7B1D786CB}.Release|x86.ActiveCfg = Release|x86
		{3F84C3FB-1C48-4255-BC2B-D8B7B1D786CB}.Release|x86.Build.0 = Release|x86
		{A524032F-AD62-4096-95EE-1334D5AE3A7F}.Debug|Any CPU.ActiveCfg = Debug|Any CPU
		{A524032F-AD62-4096-95EE-1334D5AE3A7F}.Debug|Any CPU.Build.0 = Debug|Any CPU
		{A524032F-AD62-4096-95EE-1334D5AE3A7F}.Debug|x86.ActiveCfg = Debug|x86
		{A524032F-AD62-4096-95EE-1334D5AE3A7F}.Debug|x86.Build.0 = Debug|x86
		{A524032F-AD62-4096-95EE-1334D5AE3A7F}.Release|Any CPU.ActiveCfg = Release|Any CPU
		{A524032F-AD62-4096-95EE-1334D5AE3A7F}.Release|Any CPU.Build.0 = Release|Any CPU
		{A524032F-AD62-4096-95EE-1334D5AE3A7F}.Release|x86.ActiveCfg = Release|x86
		{A524032F-AD62-4096-95EE-1334D5AE3A7F}.Release|x86.Build.0 = Release|x86
		{EA9E952D-BA02-4DEB-924E-1C44A5672AE2}.Debug|Any CPU.ActiveCfg = Debug|Any CPU
		{EA9E952D-BA02-4DEB-924E-1C44A5672AE2}.Debug|Any CPU.Build.0 = Debug|Any CPU
		{EA9E952D-BA02-4DEB-924E-1C44A5672AE2}.Debug|x86.ActiveCfg = Debug|x86
		{EA9E952D-BA02-4DEB-924E-1C44A5672AE2}.Debug|x86.Build.0 = Debug|x86
		{EA9E952D-BA02-4DEB-924E-1C44A5672AE2}.Release|Any CPU.ActiveCfg = Release|Any CPU
		{EA9E952D-BA02-4DEB-924E-1C44A5672AE2}.Release|Any CPU.Build.0 = Release|Any CPU
		{EA9E952D-BA02-4DEB-924E-1C44A5672AE2}.Release|x86.ActiveCfg = Release|x86
		{EA9E952D-BA02-4DEB-924E-1C44A5672AE2}.Release|x86.Build.0 = Release|x86
		{AFC06BF6-D39E-4B60-AD17-BEEF107A869D}.Debug|Any CPU.ActiveCfg = Debug|Any CPU
		{AFC06BF6-D39E-4B60-AD17-BEEF107A869D}.Debug|Any CPU.Build.0 = Debug|Any CPU
		{AFC06BF6-D39E-4B60-AD17-BEEF107A869D}.Debug|x86.ActiveCfg = Debug|x86
		{AFC06BF6-D39E-4B60-AD17-BEEF107A869D}.Debug|x86.Build.0 = Debug|x86
		{AFC06BF6-D39E-4B60-AD17-BEEF107A869D}.Release|Any CPU.ActiveCfg = Release|Any CPU
		{AFC06BF6-D39E-4B60-AD17-BEEF107A869D}.Release|Any CPU.Build.0 = Release|Any CPU
		{AFC06BF6-D39E-4B60-AD17-BEEF107A869D}.Release|x86.ActiveCfg = Release|x86
		{AFC06BF6-D39E-4B60-AD17-BEEF107A869D}.Release|x86.Build.0 = Release|x86
		{EDC2D7EC-3329-41DD-91A4-2DB2639DFDD8}.Debug|Any CPU.ActiveCfg = Debug|Any CPU
		{EDC2D7EC-3329-41DD-91A4-2DB2639DFDD8}.Debug|Any CPU.Build.0 = Debug|Any CPU
		{EDC2D7EC-3329-41DD-91A4-2DB2639DFDD8}.Debug|x86.ActiveCfg = Debug|Any CPU
		{EDC2D7EC-3329-41DD-91A4-2DB2639DFDD8}.Release|Any CPU.ActiveCfg = Release|Any CPU
		{EDC2D7EC-3329-41DD-91A4-2DB2639DFDD8}.Release|Any CPU.Build.0 = Release|Any CPU
		{EDC2D7EC-3329-41DD-91A4-2DB2639DFDD8}.Release|x86.ActiveCfg = Release|Any CPU
		{99D3B1D0-C9B7-44B5-BB04-ADF6C4BDDAB5}.Debug|Any CPU.ActiveCfg = Debug|Any CPU
		{99D3B1D0-C9B7-44B5-BB04-ADF6C4BDDAB5}.Debug|Any CPU.Build.0 = Debug|Any CPU
		{99D3B1D0-C9B7-44B5-BB04-ADF6C4BDDAB5}.Debug|x86.ActiveCfg = Debug|Any CPU
		{99D3B1D0-C9B7-44B5-BB04-ADF6C4BDDAB5}.Release|Any CPU.ActiveCfg = Release|Any CPU
		{99D3B1D0-C9B7-44B5-BB04-ADF6C4BDDAB5}.Release|Any CPU.Build.0 = Release|Any CPU
		{99D3B1D0-C9B7-44B5-BB04-ADF6C4BDDAB5}.Release|x86.ActiveCfg = Release|Any CPU
		{A84C8572-14CE-405A-B8F1-3B32EC3B2D60}.Debug|Any CPU.ActiveCfg = Debug|Any CPU
		{A84C8572-14CE-405A-B8F1-3B32EC3B2D60}.Debug|Any CPU.Build.0 = Debug|Any CPU
		{A84C8572-14CE-405A-B8F1-3B32EC3B2D60}.Debug|x86.ActiveCfg = Debug|x86
		{A84C8572-14CE-405A-B8F1-3B32EC3B2D60}.Debug|x86.Build.0 = Debug|x86
		{A84C8572-14CE-405A-B8F1-3B32EC3B2D60}.Release|Any CPU.ActiveCfg = Release|Any CPU
		{A84C8572-14CE-405A-B8F1-3B32EC3B2D60}.Release|Any CPU.Build.0 = Release|Any CPU
		{A84C8572-14CE-405A-B8F1-3B32EC3B2D60}.Release|x86.ActiveCfg = Release|x86
		{A84C8572-14CE-405A-B8F1-3B32EC3B2D60}.Release|x86.Build.0 = Release|x86
		{A4F36939-3FED-4744-838E-9602B4F8C7E9}.Debug|Any CPU.ActiveCfg = Debug|Any CPU
		{A4F36939-3FED-4744-838E-9602B4F8C7E9}.Debug|Any CPU.Build.0 = Debug|Any CPU
		{A4F36939-3FED-4744-838E-9602B4F8C7E9}.Debug|x86.ActiveCfg = Debug|x86
		{A4F36939-3FED-4744-838E-9602B4F8C7E9}.Debug|x86.Build.0 = Debug|x86
		{A4F36939-3FED-4744-838E-9602B4F8C7E9}.Release|Any CPU.ActiveCfg = Release|Any CPU
		{A4F36939-3FED-4744-838E-9602B4F8C7E9}.Release|Any CPU.Build.0 = Release|Any CPU
		{A4F36939-3FED-4744-838E-9602B4F8C7E9}.Release|x86.ActiveCfg = Release|x86
		{A4F36939-3FED-4744-838E-9602B4F8C7E9}.Release|x86.Build.0 = Release|x86
	EndGlobalSection
	GlobalSection(SolutionProperties) = preSolution
		HideSolutionNode = FALSE
	EndGlobalSection
	GlobalSection(NestedProjects) = preSolution
		{9CF2FFAE-0DD5-4706-9F83-8F93893FA619} = {E39B7230-52C1-4E2E-B1B5-13A0F69498C4}
		{898EC4FB-59C0-4BAA-8BAD-DDE38C95746F} = {17C2B745-10DB-42F6-8A2C-ACEE30B8017B}
		{944EB4B6-E939-412F-94A4-42B692381189} = {898EC4FB-59C0-4BAA-8BAD-DDE38C95746F}
		{010C0E92-D71E-4B68-AB93-FE5F8281C715} = {898EC4FB-59C0-4BAA-8BAD-DDE38C95746F}
		{3F84C3FB-1C48-4255-BC2B-D8B7B1D786CB} = {898EC4FB-59C0-4BAA-8BAD-DDE38C95746F}
		{A524032F-AD62-4096-95EE-1334D5AE3A7F} = {898EC4FB-59C0-4BAA-8BAD-DDE38C95746F}
		{EA9E952D-BA02-4DEB-924E-1C44A5672AE2} = {898EC4FB-59C0-4BAA-8BAD-DDE38C95746F}
		{AFC06BF6-D39E-4B60-AD17-BEEF107A869D} = {898EC4FB-59C0-4BAA-8BAD-DDE38C95746F}
		{A84C8572-14CE-405A-B8F1-3B32EC3B2D60} = {E70C0855-DF40-4F97-B4AC-F53DCC7ABEBB}
		{A4F36939-3FED-4744-838E-9602B4F8C7E9} = {E70C0855-DF40-4F97-B4AC-F53DCC7ABEBB}
		{EDC2D7EC-3329-41DD-91A4-2DB2639DFDD8} = {52F74228-3190-4F11-B4B7-AD981DE92433}
		{99D3B1D0-C9B7-44B5-BB04-ADF6C4BDDAB5} = {52F74228-3190-4F11-B4B7-AD981DE92433}
	EndGlobalSection
EndGlobal
